lockfileVersion: '9.0'

settings:
  autoInstallPeers: true
  excludeLinksFromLockfile: false

importers:

  .:
    devDependencies:
      oxlint:
        specifier: ^0.18.1
        version: 0.18.1

packages:

  '@oxlint/darwin-arm64@0.18.1':
    resolution: {integrity: sha512-FqDrcQJmEGNkgmZgI4wbCrGyJl1tiRZa3udxvyYaXag8W80A0zLFNCyWVvHIgUJ0DHlZjRc7O72xUGjiyvQrqQ==}
    cpu: [arm64]
    os: [darwin]

  '@oxlint/darwin-x64@0.18.1':
    resolution: {integrity: sha512-YUcyWBJdNuMcJxAwdV/i25/kvnKrVsA+vLn7SsL87cAwiD//rqGdOixk0r8sKUYa71Kx3h0Fg2ToUOjdE6ddYw==}
    cpu: [x64]
    os: [darwin]

  '@oxlint/linux-arm64-gnu@0.18.1':
    resolution: {integrity: sha512-ol3jhmUv5VI/omMrt6DkwY/jVTSVJlflFyU1SnSb/BuVVf3TyBiCHmZ4wVtcrcT5k3sWjrvYWw2kSozvmuE4tg==}
    cpu: [arm64]
    os: [linux]

  '@oxlint/linux-arm64-musl@0.18.1':
    resolution: {integrity: sha512-iKDj1ZwlU4KpXuIL1qkVP6NJzri2VSJreqXCIAe1Bf5RZXMAGSO3xjldgiX+HBvFOKSBIarLcqONYDbYco9uaQ==}
    cpu: [arm64]
    os: [linux]

  '@oxlint/linux-x64-gnu@0.18.1':
    resolution: {integrity: sha512-A3g+fZhlOivUdK7xU/IrbhBcMHig5GLrfMX0HYjXL1fiSqKYu9n1o1p42WpT6KfPL3L2uncSg/iyg7hspcN6qA==}
    cpu: [x64]
    os: [linux]

  '@oxlint/linux-x64-musl@0.18.1':
    resolution: {integrity: sha512-LA02SdATWZEZBy8ZZpR2GlUbDg7+Jq1/WKkywMXqxdClkcoyyFozj8aQD2iTMKELSra4OSyqqZpOYroqjSSKmw==}
    cpu: [x64]
    os: [linux]

  '@oxlint/win32-arm64@0.18.1':
    resolution: {integrity: sha512-FNL+OxDflqLGXRgLxfBM/X4RnLYgtOKTsb1mNSqsjSCEfUi1Oqivh7KvZ09IfAMZeJ85/fL6EI6hSOyY7nNYUg==}
    cpu: [arm64]
    os: [win32]

  '@oxlint/win32-x64@0.18.1':
    resolution: {integrity: sha512-W+aVE9Siqs6Oe3NDaDOTTOYsN9X3znl+whfqWK1EcLpqJXX1kdB8Hf45HkGjqnHoFoP96GRgUnXQHQvmUybjvg==}
    cpu: [x64]
    os: [win32]

  oxlint@0.18.1:
    resolution: {integrity: sha512-JGcQvbhd00Qb+nq4f9sYYRh7mZIb0K/7rbMepNdJDMzo8pbmBpx1N2XOG61RjHDsNnY6ImAmVk3h4QVwFenwUQ==}
    engines: {node: '>=8.*'}
    hasBin: true

snapshots:

  '@oxlint/darwin-arm64@0.18.1':
    optional: true

  '@oxlint/darwin-x64@0.18.1':
    optional: true

  '@oxlint/linux-arm64-gnu@0.18.1':
    optional: true

  '@oxlint/linux-arm64-musl@0.18.1':
    optional: true

  '@oxlint/linux-x64-gnu@0.18.1':
    optional: true

  '@oxlint/linux-x64-musl@0.18.1':
    optional: true

  '@oxlint/win32-arm64@0.18.1':
    optional: true

  '@oxlint/win32-x64@0.18.1':
    optional: true

  oxlint@0.18.1:
    optionalDependencies:
      '@oxlint/darwin-arm64': 0.18.1
      '@oxlint/darwin-x64': 0.18.1
      '@oxlint/linux-arm64-gnu': 0.18.1
      '@oxlint/linux-arm64-musl': 0.18.1
      '@oxlint/linux-x64-gnu': 0.18.1
      '@oxlint/linux-x64-musl': 0.18.1
      '@oxlint/win32-arm64': 0.18.1
      '@oxlint/win32-x64': 0.18.1
