lockfileVersion: '9.0'

settings:
  autoInstallPeers: true
  excludeLinksFromLockfile: false

importers:

  .:
    devDependencies:
      oxlint:
        specifier: ^0.15.11
        version: 0.15.11

packages:

  '@oxlint/darwin-arm64@0.15.11':
    resolution: {integrity: sha512-cSW5LCqoHAp+zvKNUmzvKXzvh90o0J50HOJj7HARXWes/fqKQ2U2NX36Grc19lOxhP5ItoNeZN6x88opPdVtDw==}
    cpu: [arm64]
    os: [darwin]

  '@oxlint/darwin-x64@0.15.11':
    resolution: {integrity: sha512-6iisoeMdIGBvga+dKe6UnAH8jN58lkbwApQh0IAJzSpkS9B0MPFFy2LjT9qq6J4WyHWh8oYnDJhNOJVBGynApQ==}
    cpu: [x64]
    os: [darwin]

  '@oxlint/linux-arm64-gnu@0.15.11':
    resolution: {integrity: sha512-3zmkAYm309ZWf0Af3YiQMbx2kV8SKRThyaw32x65NvZje/RfnqDSaUJ/juT32DyWNGgRSI2KaWExbbVKZGj6Bw==}
    cpu: [arm64]
    os: [linux]

  '@oxlint/linux-arm64-musl@0.15.11':
    resolution: {integrity: sha512-kj6t4GxNfYvSkC9HbdnQFyK1AXXmWN+d53lyDVWUKByRNAOLn6hBrzl9WByJ6ZGCTwTOyrkqu1Om4itlILqodA==}
    cpu: [arm64]
    os: [linux]

  '@oxlint/linux-x64-gnu@0.15.11':
    resolution: {integrity: sha512-1RNUw+nWjv8EXI1wa6A4oc/UXwdCk4l29y3JgCZ7s1aPdZhn3sWLng0SFVruZAf5QFY9bxKS2ffr1s84T1uXhQ==}
    cpu: [x64]
    os: [linux]

  '@oxlint/linux-x64-musl@0.15.11':
    resolution: {integrity: sha512-7uUD13t5WUg7TrZlViW0oYwg2npwoFvzA+1wOPtDu9Kyy24WggUIg8dAExTb5OFkj5jxKKAT17EcvtSNxxLdww==}
    cpu: [x64]
    os: [linux]

  '@oxlint/win32-arm64@0.15.11':
    resolution: {integrity: sha512-6tMc5UYWGwzxa+AsgNQGFktoqewkdV5pmMXlQboGIOUWYYIQfl2/X7owbv+3y3n7EmO7EBniIB2G/5m8teDzGQ==}
    cpu: [arm64]
    os: [win32]

  '@oxlint/win32-x64@0.15.11':
    resolution: {integrity: sha512-etEXnRNT3Lep/jAvBxgFqHGGAZTnjvRNKSOKSQ0jFNTIzAhaqCpJrH25LKuvIqDPTDOPNA5DjmfuT2AFNhAI0g==}
    cpu: [x64]
    os: [win32]

  oxlint@0.15.11:
    resolution: {integrity: sha512-SvNbuA5KiGzA1/E5TCzbhC0veVFdJRQW0CfeRCUG2AKzfH2j3KkQMmBA8JwVsdOhfPMCjwomAL1xE6+RglyCCA==}
    engines: {node: '>=8.*'}
    hasBin: true

snapshots:

  '@oxlint/darwin-arm64@0.15.11':
    optional: true

  '@oxlint/darwin-x64@0.15.11':
    optional: true

  '@oxlint/linux-arm64-gnu@0.15.11':
    optional: true

  '@oxlint/linux-arm64-musl@0.15.11':
    optional: true

  '@oxlint/linux-x64-gnu@0.15.11':
    optional: true

  '@oxlint/linux-x64-musl@0.15.11':
    optional: true

  '@oxlint/win32-arm64@0.15.11':
    optional: true

  '@oxlint/win32-x64@0.15.11':
    optional: true

  oxlint@0.15.11:
    optionalDependencies:
      '@oxlint/darwin-arm64': 0.15.11
      '@oxlint/darwin-x64': 0.15.11
      '@oxlint/linux-arm64-gnu': 0.15.11
      '@oxlint/linux-arm64-musl': 0.15.11
      '@oxlint/linux-x64-gnu': 0.15.11
      '@oxlint/linux-x64-musl': 0.15.11
      '@oxlint/win32-arm64': 0.15.11
      '@oxlint/win32-x64': 0.15.11
